
Microsoft Visual Studio Solution File, Format Version 12.00
# Visual Studio Version 17
VisualStudioVersion = 17.13.35919.96 d17.13
MinimumVisualStudioVersion = 10.0.40219.1
Project("{FAE04EC0-301F-11D3-BF4B-00C04F79EFBC}") = "InventoryManager", "InventoryManager.csproj", "{A7BBD169-4819-4040-969E-C6CF1EE618F9}"
EndProject
Global
	GlobalSection(SolutionConfigurationPlatforms) = preSolution
		Debug|Any CPU = Debug|Any CPU
		Release|Any CPU = Release|Any CPU
	EndGlobalSection
	GlobalSection(ProjectConfigurationPlatforms) = postSolution
		{A7BBD169-4819-4040-969E-C6CF1EE618F9}.Debug|Any CPU.ActiveCfg = Debug|Any CPU
		{A7BBD169-4819-4040-969E-C6CF1EE618F9}.Debug|Any CPU.Build.0 = Debug|Any CPU
		{A7BBD169-4819-4040-969E-C6CF1EE618F9}.Release|Any CPU.ActiveCfg = Release|Any CPU
		{A7BBD169-4819-4040-969E-C6CF1EE618F9}.Release|Any CPU.Build.0 = Release|Any CPU
	EndGlobalSection
	GlobalSection(SolutionProperties) = preSolution
		HideSolutionNode = FALSE
	EndGlobalSection
	GlobalSection(ExtensibilityGlobals) = postSolution
		SolutionGuid = {033B0CE4-5AC4-4AD5-A8B4-9B8B803A984A}
	EndGlobalSection
EndGlobal
